Microsoft Visual Studio Solution File, Format Version 12.00
# Visual Studio Version 17
VisualStudioVersion = 17.5.2.0
MinimumVisualStudioVersion = 10.0.40219.1
Project("{2150E333-8FDC-42A3-9474-1A3956D46DE8}") = "backend_dotnet", "backend_dotnet", "{EBAD1264-E898-0168-C67C-B8828D31A294}"
EndProject
Project("{FAE04EC0-301F-11D3-BF4B-00C04F79EFBC}") = "WebApi", "backend_dotnet\WebApi\WebApi.csproj", "{0733A225-7DC2-4A6F-A555-32D537175B1D}"
EndProject
Global
	GlobalSection(SolutionConfigurationPlatforms) = preSolution
		Debug|Any CPU = Debug|Any CPU
		Release|Any CPU = Release|Any CPU
	EndGlobalSection
	GlobalSection(ProjectConfigurationPlatforms) = postSolution
		{0733A225-7DC2-4A6F-A555-32D537175B1D}.Debug|Any CPU.ActiveCfg = Debug|Any CPU
		{0733A225-7DC2-4A6F-A555-32D537175B1D}.Debug|Any CPU.Build.0 = Debug|Any CPU
		{0733A225-7DC2-4A6F-A555-32D537175B1D}.Release|Any CPU.ActiveCfg = Release|Any CPU
		{0733A225-7DC2-4A6F-A555-32D537175B1D}.Release|Any CPU.Build.0 = Release|Any CPU
	EndGlobalSection
	GlobalSection(SolutionProperties) = preSolution
		HideSolutionNode = FALSE
	EndGlobalSection
	GlobalSection(NestedProjects) = preSolution
		{0733A225-7DC2-4A6F-A555-32D537175B1D} = {EBAD1264-E898-0168-C67C-B8828D31A294}
	EndGlobalSection
	GlobalSection(ExtensibilityGlobals) = postSolution
		SolutionGuid = {4BA6E5D0-E7B6-4A0A-BD6F-97DC1DC6CE22}
	EndGlobalSection
EndGlobal
